
Microsoft Visual Studio Solution File, Format Version 12.00
# Visual Studio Version 17
VisualStudioVersion = 17.3.32825.248
MinimumVisualStudioVersion = 10.0.40219.1
Project("{FAE04EC0-301F-11D3-BF4B-00C04F79EFBC}") = "Clinic.API", "Clinic.API\Clinic.API.csproj", "{EF6C8B4B-6CAF-4D0C-8623-D4BF441DF04D}"
EndProject
Project("{FAE04EC0-301F-11D3-BF4B-00C04F79EFBC}") = "Clinic.Core", "Clinic.Core\Clinic.Core.csproj", "{D4A851A3-08EB-4C3C-8338-D7C1A0E5FC89}"
EndProject
Project("{FAE04EC0-301F-11D3-BF4B-00C04F79EFBC}") = "Clinic.Data", "Clinic.Data\Clinic.Data.csproj", "{E527C60F-4B97-4F0B-8DE3-37C06D5313A0}"
EndProject
Project("{FAE04EC0-301F-11D3-BF4B-00C04F79EFBC}") = "Clinic.Service", "Clinic.Service\Clinic.Service.csproj", "{61426993-A9DA-4FD5-ABD9-3DD69BC9C8DA}"
EndProject
Global
	GlobalSection(SolutionConfigurationPlatforms) = preSolution
		Debug|Any CPU = Debug|Any CPU
		Release|Any CPU = Release|Any CPU
	EndGlobalSection
	GlobalSection(ProjectConfigurationPlatforms) = postSolution
		{EF6C8B4B-6CAF-4D0C-8623-D4BF441DF04D}.Debug|Any CPU.ActiveCfg = Debug|Any CPU
		{EF6C8B4B-6CAF-4D0C-8623-D4BF441DF04D}.Debug|Any CPU.Build.0 = Debug|Any CPU
		{EF6C8B4B-6CAF-4D0C-8623-D4BF441DF04D}.Release|Any CPU.ActiveCfg = Release|Any CPU
		{EF6C8B4B-6CAF-4D0C-8623-D4BF441DF04D}.Release|Any CPU.Build.0 = Release|Any CPU
		{D4A851A3-08EB-4C3C-8338-D7C1A0E5FC89}.Debug|Any CPU.ActiveCfg = Debug|Any CPU
		{D4A851A3-08EB-4C3C-8338-D7C1A0E5FC89}.Debug|Any CPU.Build.0 = Debug|Any CPU
		{D4A851A3-08EB-4C3C-8338-D7C1A0E5FC89}.Release|Any CPU.ActiveCfg = Release|Any CPU
		{D4A851A3-08EB-4C3C-8338-D7C1A0E5FC89}.Release|Any CPU.Build.0 = Release|Any CPU
		{E527C60F-4B97-4F0B-8DE3-37C06D5313A0}.Debug|Any CPU.ActiveCfg = Debug|Any CPU
		{E527C60F-4B97-4F0B-8DE3-37C06D5313A0}.Debug|Any CPU.Build.0 = Debug|Any CPU
		{E527C60F-4B97-4F0B-8DE3-37C06D5313A0}.Release|Any CPU.ActiveCfg = Release|Any CPU
		{E527C60F-4B97-4F0B-8DE3-37C06D5313A0}.Release|Any CPU.Build.0 = Release|Any CPU
		{61426993-A9DA-4FD5-ABD9-3DD69BC9C8DA}.Debug|Any CPU.ActiveCfg = Debug|Any CPU
		{61426993-A9DA-4FD5-ABD9-3DD69BC9C8DA}.Debug|Any CPU.Build.0 = Debug|Any CPU
		{61426993-A9DA-4FD5-ABD9-3DD69BC9C8DA}.Release|Any CPU.ActiveCfg = Release|Any CPU
		{61426993-A9DA-4FD5-ABD9-3DD69BC9C8DA}.Release|Any CPU.Build.0 = Release|Any CPU
	EndGlobalSection
	GlobalSection(SolutionProperties) = preSolution
		HideSolutionNode = FALSE
	EndGlobalSection
	GlobalSection(ExtensibilityGlobals) = postSolution
		SolutionGuid = {517135BD-7648-4A05-A11C-7B1732A0CA2A}
	EndGlobalSection
EndGlobal
